// !$*UTF8*$!
{
	archiveVersion = 1;
	classes = {
	};
	objectVersion = 46;
	objects = {

/* Begin PBXBuildFile section */
		D589E4991FC9D597001005D5 /* RatingControl.swift in Sources */ = {isa = PBXBuildFile; fileRef = D589E4981FC9D597001005D5 /* RatingControl.swift */; };
		D5978C5D1FC906B50004DB10 /* AppDelegate.swift in Sources */ = {isa = PBXBuildFile; fileRef = D5978C5C1FC906B50004DB10 /* AppDelegate.swift */; };
		D5978C5F1FC906B50004DB10 /* ViewController.swift in Sources */ = {isa = PBXBuildFile; fileRef = D5978C5E1FC906B50004DB10 /* ViewController.swift */; };
		D5978C621FC906B50004DB10 /* Main.storyboard in Resources */ = {isa = PBXBuildFile; fileRef = D5978C601FC906B50004DB10 /* Main.storyboard */; };
		D5978C641FC906B50004DB10 /* Assets.xcassets in Resources */ = {isa = PBXBuildFile; fileRef = D5978C631FC906B50004DB10 /* Assets.xcassets */; };
		D5978C671FC906B50004DB10 /* LaunchScreen.storyboard in Resources */ = {isa = PBXBuildFile; fileRef = D5978C651FC906B50004DB10 /* LaunchScreen.storyboard */; };
		D5978C721FC906B50004DB10 /* FoodTrackerTests.swift in Sources */ = {isa = PBXBuildFile; fileRef = D5978C711FC906B50004DB10 /* FoodTrackerTests.swift */; };
		D5978C7D1FC906B50004DB10 /* FoodTrackerUITests.swift in Sources */ = {isa = PBXBuildFile; fileRef = D5978C7C1FC906B50004DB10 /* FoodTrackerUITests.swift */; };
/* End PBXBuildFile section */

/* Begin PBXContainerItemProxy section */
		D5978C6E1FC906B50004DB10 /* PBXContainerItemProxy */ = {
			isa = PBXContainerItemProxy;
			containerPortal = D5978C511FC906B50004DB10 /* Project object */;
			proxyType = 1;
			remoteGlobalIDString = D5978C581FC906B50004DB10;
			remoteInfo = FoodTracker;
		};
		D5978C791FC906B50004DB10 /* PBXContainerItemProxy */ = {
			isa = PBXContainerItemProxy;
			containerPortal = D5978C511FC906B50004DB10 /* Project object */;
			proxyType = 1;
			remoteGlobalIDString = D5978C581FC906B50004DB10;
			remoteInfo = FoodTracker;
		};
/* End PBXContainerItemProxy section */

/* Begin PBXFileReference section */
		D589E4981FC9D597001005D5 /* RatingControl.swift */ = {isa = PBXFileReference; fileEncoding = 4; lastKnownFileType = sourcecode.swift; path = RatingControl.swift; sourceTree = "<group>"; };
		D5978C591FC906B50004DB10 /* FoodTracker.app */ = {isa = PBXFileReference; explicitFileType = wrapper.application; includeInIndex = 0; path = FoodTracker.app; sourceTree = BUILT_PRODUCTS_DIR; };
		D5978C5C1FC906B50004DB10 /* AppDelegate.swift */ = {isa = PBXFileReference; lastKnownFileType = sourcecode.swift; path = AppDelegate.swift; sourceTree = "<group>"; };
		D5978C5E1FC906B50004DB10 /* ViewController.swift */ = {isa = PBXFileReference; lastKnownFileType = sourcecode.swift; path = ViewController.swift; sourceTree = "<group>"; };
		D5978C611FC906B50004DB10 /* Base */ = {isa = PBXFileReference; lastKnownFileType = file.storyboard; name = Base; path = Base.lproj/Main.storyboard; sourceTree = "<group>"; };
		D5978C631FC906B50004DB10 /* Assets.xcassets */ = {isa = PBXFileReference; lastKnownFileType = folder.assetcatalog; path = Assets.xcassets; sourceTree = "<group>"; };
		D5978C661FC906B50004DB10 /* Base */ = {isa = PBXFileReference; lastKnownFileType = file.storyboard; name = Base; path = Base.lproj/LaunchScreen.storyboard; sourceTree = "<group>"; };
		D5978C681FC906B50004DB10 /* Info.plist */ = {isa = PBXFileReference; lastKnownFileType = text.plist.xml; path = Info.plist; sourceTree = "<group>"; };
		D5978C6D1FC906B50004DB10 /* FoodTrackerTests.xctest */ = {isa = PBXFileReference; explicitFileType = wrapper.cfbundle; includeInIndex = 0; path = FoodTrackerTests.xctest; sourceTree = BUILT_PRODUCTS_DIR; };
		D5978C711FC906B50004DB10 /* FoodTrackerTests.swift */ = {isa = PBXFileReference; lastKnownFileType = sourcecode.swift; path = FoodTrackerTests.swift; sourceTree = "<group>"; };
		D5978C731FC906B50004DB10 /* Info.plist */ = {isa = PBXFileReference; lastKnownFileType = text.plist.xml; path = Info.plist; sourceTree = "<group>"; };
		D5978C781FC906B50004DB10 /* FoodTrackerUITests.xctest */ = {isa = PBXFileReference; explicitFileType = wrapper.cfbundle; includeInIndex = 0; path = FoodTrackerUITests.xctest; sourceTree = BUILT_PRODUCTS_DIR; };
		D5978C7C1FC906B50004DB10 /* FoodTrackerUITests.swift */ = {isa = PBXFileReference; lastKnownFileType = sourcecode.swift; path = FoodTrackerUITests.swift; sourceTree = "<group>"; };
		D5978C7E1FC906B50004DB10 /* Info.plist */ = {isa = PBXFileReference; lastKnownFileType = text.plist.xml; path = Info.plist; sourceTree = "<group>"; };
/* End PBXFileReference section */

/* Begin PBXFrameworksBuildPhase section */
		D5978C561FC906B50004DB10 /* Frameworks */ = {
			isa = PBXFrameworksBuildPhase;
			buildActionMask = 2147483647;
			files = (
			);
			runOnlyForDeploymentPostprocessing = 0;
		};
		D5978C6A1FC906B50004DB10 /* Frameworks */ = {
			isa = PBXFrameworksBuildPhase;
			buildActionMask = 2147483647;
			files = (
			);
			runOnlyForDeploymentPostprocessing = 0;
		};
		D5978C751FC906B50004DB10 /* Frameworks */ = {
			isa = PBXFrameworksBuildPhase;
			buildActionMask = 2147483647;
			files = (
			);
			runOnlyForDeploymentPostprocessing = 0;
		};
/* End PBXFrameworksBuildPhase section */

/* Begin PBXGroup section */
		D5978C501FC906B50004DB10 = {
			isa = PBXGroup;
			children = (
				D5978C5B1FC906B50004DB10 /* FoodTracker */,
				D5978C701FC906B50004DB10 /* FoodTrackerTests */,
				D5978C7B1FC906B50004DB10 /* FoodTrackerUITests */,
				D5978C5A1FC906B50004DB10 /* Products */,
			);
			sourceTree = "<group>";
		};
		D5978C5A1FC906B50004DB10 /* Products */ = {
			isa = PBXGroup;
			children = (
				D5978C591FC906B50004DB10 /* FoodTracker.app */,
				D5978C6D1FC906B50004DB10 /* FoodTrackerTests.xctest */,
				D5978C781FC906B50004DB10 /* FoodTrackerUITests.xctest */,
			);
			name = Products;
			sourceTree = "<group>";
		};
		D5978C5B1FC906B50004DB10 /* FoodTracker */ = {
			isa = PBXGroup;
			children = (
				D5978C5C1FC906B50004DB10 /* AppDelegate.swift */,
				D5978C5E1FC906B50004DB10 /* ViewController.swift */,
				D589E4981FC9D597001005D5 /* RatingControl.swift */,
				D5978C601FC906B50004DB10 /* Main.storyboard */,
				D5978C631FC906B50004DB10 /* Assets.xcassets */,
				D5978C651FC906B50004DB10 /* LaunchScreen.storyboard */,
				D5978C681FC906B50004DB10 /* Info.plist */,
			);
			path = FoodTracker;
			sourceTree = "<group>";
		};
		D5978C701FC906B50004DB10 /* FoodTrackerTests */ = {
			isa = PBXGroup;
			children = (
				D5978C711FC906B50004DB10 /* FoodTrackerTests.swift */,
				D5978C731FC906B50004DB10 /* Info.plist */,
			);
			path = FoodTrackerTests;
			sourceTree = "<group>";
		};
		D5978C7B1FC906B50004DB10 /* FoodTrackerUITests */ = {
			isa = PBXGroup;
			children = (
				D5978C7C1FC906B50004DB10 /* FoodTrackerUITests.swift */,
				D5978C7E1FC906B50004DB10 /* Info.plist */,
			);
			path = FoodTrackerUITests;
			sourceTree = "<group>";
		};
/* End PBXGroup section */

/* Begin PBXNativeTarget section */
		D5978C581FC906B50004DB10 /* FoodTracker */ = {
			isa = PBXNativeTarget;
			buildConfigurationList = D5978C811FC906B50004DB10 /* Build configuration list for PBXNativeTarget "FoodTracker" */;
			buildPhases = (
				D5978C551FC906B50004DB10 /* Sources */,
				D5978C561FC906B50004DB10 /* Frameworks */,
				D5978C571FC906B50004DB10 /* Resources */,
			);
			buildRules = (
			);
			dependencies = (
			);
			name = FoodTracker;
			productName = FoodTracker;
			productReference = D5978C591FC906B50004DB10 /* FoodTracker.app */;
			productType = "com.apple.product-type.application";
		};
		D5978C6C1FC906B50004DB10 /* FoodTrackerTests */ = {
			isa = PBXNativeTarget;
			buildConfigurationList = D5978C841FC906B50004DB10 /* Build configuration list for PBXNativeTarget "FoodTrackerTests" */;
			buildPhases = (
				D5978C691FC906B50004DB10 /* Sources */,
				D5978C6A1FC906B50004DB10 /* Frameworks */,
				D5978C6B1FC906B50004DB10 /* Resources */,
			);
			buildRules = (
			);
			dependencies = (
				D5978C6F1FC906B50004DB10 /* PBXTargetDependency */,
			);
			name = FoodTrackerTests;
			productName = FoodTrackerTests;
			productReference = D5978C6D1FC906B50004DB10 /* FoodTrackerTests.xctest */;
			productType = "com.apple.product-type.bundle.unit-test";
		};
		D5978C771FC906B50004DB10 /* FoodTrackerUITests */ = {
			isa = PBXNativeTarget;
			buildConfigurationList = D5978C871FC906B50004DB10 /* Build configuration list for PBXNativeTarget "FoodTrackerUITests" */;
			buildPhases = (
				D5978C741FC906B50004DB10 /* Sources */,
				D5978C751FC906B50004DB10 /* Frameworks */,
				D5978C761FC906B50004DB10 /* Resources */,
			);
			buildRules = (
			);
			dependencies = (
				D5978C7A1FC906B50004DB10 /* PBXTargetDependency */,
			);
			name = FoodTrackerUITests;
			productName = FoodTrackerUITests;
			productReference = D5978C781FC906B50004DB10 /* FoodTrackerUITests.xctest */;
			productType = "com.apple.product-type.bundle.ui-testing";
		};
/* End PBXNativeTarget section */

/* Begin PBXProject section */
		D5978C511FC906B50004DB10 /* Project object */ = {
			isa = PBXProject;
			attributes = {
				LastSwiftUpdateCheck = 0830;
				LastUpgradeCheck = 0830;
				ORGANIZATIONNAME = "Oliaro, Gabriele";
				TargetAttributes = {
					D5978C581FC906B50004DB10 = {
						CreatedOnToolsVersion = 8.3.3;
						ProvisioningStyle = Automatic;
					};
					D5978C6C1FC906B50004DB10 = {
						CreatedOnToolsVersion = 8.3.3;
						ProvisioningStyle = Automatic;
						TestTargetID = D5978C581FC906B50004DB10;
					};
					D5978C771FC906B50004DB10 = {
						CreatedOnToolsVersion = 8.3.3;
						ProvisioningStyle = Automatic;
						TestTargetID = D5978C581FC906B50004DB10;
					};
				};
			};
			buildConfigurationList = D5978C541FC906B50004DB10 /* Build configuration list for PBXProject "FoodTracker" */;
			compatibilityVersion = "Xcode 3.2";
			developmentRegion = English;
			hasScannedForEncodings = 0;
			knownRegions = (
				en,
				Base,
			);
			mainGroup = D5978C501FC906B50004DB10;
			productRefGroup = D5978C5A1FC906B50004DB10 /* Products */;
			projectDirPath = "";
			projectRoot = "";
			targets = (
				D5978C581FC906B50004DB10 /* FoodTracker */,
				D5978C6C1FC906B50004DB10 /* FoodTrackerTests */,
				D5978C771FC906B50004DB10 /* FoodTrackerUITests */,
			);
		};
/* End PBXProject section */

/* Begin PBXResourcesBuildPhase section */
		D5978C571FC906B50004DB10 /* Resources */ = {
			isa = PBXResourcesBuildPhase;
			buildActionMask = 2147483647;
			files = (
				D5978C671FC906B50004DB10 /* LaunchScreen.storyboard in Resources */,
				D5978C641FC906B50004DB10 /* Assets.xcassets in Resources */,
				D5978C621FC906B50004DB10 /* Main.storyboard in Resources */,
			);
			runOnlyForDeploymentPostprocessing = 0;
		};
		D5978C6B1FC906B50004DB10 /* Resources */ = {
			isa = PBXResourcesBuildPhase;
			buildActionMask = 2147483647;
			files = (
			);
			runOnlyForDeploymentPostprocessing = 0;
		};
		D5978C761FC906B50004DB10 /* Resources */ = {
			isa = PBXResourcesBuildPhase;
			buildActionMask = 2147483647;
			files = (
			);
			runOnlyForDeploymentPostprocessing = 0;
		};
/* End PBXResourcesBuildPhase section */

/* Begin PBXSourcesBuildPhase section */
		D5978C551FC906B50004DB10 /* Sources */ = {
			isa = PBXSourcesBuildPhase;
			buildActionMask = 2147483647;
			files = (
				D5978C5F1FC906B50004DB10 /* ViewController.swift in Sources */,
				D589E4991FC9D597001005D5 /* RatingControl.swift in Sources */,
				D5978C5D1FC906B50004DB10 /* AppDelegate.swift in Sources */,
			);
			runOnlyForDeploymentPostprocessing = 0;
		};
		D5978C691FC906B50004DB10 /* Sources */ = {
			isa = PBXSourcesBuildPhase;
			buildActionMask = 2147483647;
			files = (
				D5978C721FC906B50004DB10 /* FoodTrackerTests.swift in Sources */,
			);
			runOnlyForDeploymentPostprocessing = 0;
		};
		D5978C741FC906B50004DB10 /* Sources */ = {
			isa = PBXSourcesBuildPhase;
			buildActionMask = 2147483647;
			files = (
				D5978C7D1FC906B50004DB10 /* FoodTrackerUITests.swift in Sources */,
			);
			runOnlyForDeploymentPostprocessing = 0;
		};
/* End PBXSourcesBuildPhase section */

/* Begin PBXTargetDependency section */
		D5978C6F1FC906B50004DB10 /* PBXTargetDependency */ = {
			isa = PBXTargetDependency;
			target = D5978C581FC906B50004DB10 /* FoodTracker */;
			targetProxy = D5978C6E1FC906B50004DB10 /* PBXContainerItemProxy */;
		};
		D5978C7A1FC906B50004DB10 /* PBXTargetDependency */ = {
			isa = PBXTargetDependency;
			target = D5978C581FC906B50004DB10 /* FoodTracker */;
			targetProxy = D5978C791FC906B50004DB10 /* PBXContainerItemProxy */;
		};
/* End PBXTargetDependency section */

/* Begin PBXVariantGroup section */
		D5978C601FC906B50004DB10 /* Main.storyboard */ = {
			isa = PBXVariantGroup;
			children = (
				D5978C611FC906B50004DB10 /* Base */,
			);
			name = Main.storyboard;
			sourceTree = "<group>";
		};
		D5978C651FC906B50004DB10 /* LaunchScreen.storyboard */ = {
			isa = PBXVariantGroup;
			children = (
				D5978C661FC906B50004DB10 /* Base */,
			);
			name = LaunchScreen.storyboard;
			sourceTree = "<group>";
		};
/* End PBXVariantGroup section */

/* Begin XCBuildConfiguration section */
		D5978C7F1FC906B50004DB10 /* Debug */ = {
			isa = XCBuildConfiguration;
			buildSettings = {
				ALWAYS_SEARCH_USER_PATHS = NO;
				CLANG_ANALYZER_NONNULL = YES;
				CLANG_ANALYZER_NUMBER_OBJECT_CONVERSION = YES_AGGRESSIVE;
				CLANG_CXX_LANGUAGE_STANDARD = "gnu++0x";
				CLANG_CXX_LIBRARY = "libc++";
				CLANG_ENABLE_MODULES = YES;
				CLANG_ENABLE_OBJC_ARC = YES;
				CLANG_WARN_BOOL_CONVERSION = YES;
				CLANG_WARN_CONSTANT_CONVERSION = YES;
				CLANG_WARN_DIRECT_OBJC_ISA_USAGE = YES_ERROR;
				CLANG_WARN_DOCUMENTATION_COMMENTS = YES;
				CLANG_WARN_EMPTY_BODY = YES;
				CLANG_WARN_ENUM_CONVERSION = YES;
				CLANG_WARN_INFINITE_RECURSION = YES;
				CLANG_WARN_INT_CONVERSION = YES;
				CLANG_WARN_OBJC_ROOT_CLASS = YES_ERROR;
				CLANG_WARN_SUSPICIOUS_MOVE = YES;
				CLANG_WARN_UNREACHABLE_CODE = YES;
				CLANG_WARN__DUPLICATE_METHOD_MATCH = YES;
				"CODE_SIGN_IDENTITY[sdk=iphoneos*]" = "iPhone Developer";
				COPY_PHASE_STRIP = NO;
				DEBUG_INFORMATION_FORMAT = dwarf;
				ENABLE_STRICT_OBJC_MSGSEND = YES;
				ENABLE_TESTABILITY = YES;
				GCC_C_LANGUAGE_STANDARD = gnu99;
				GCC_DYNAMIC_NO_PIC = NO;
				GCC_NO_COMMON_BLOCKS = YES;
				GCC_OPTIMIZATION_LEVEL = 0;
				GCC_PREPROCESSOR_DEFINITIONS = (
					"DEBUG=1",
					"$(inherited)",
				);
				GCC_WARN_64_TO_32_BIT_CONVERSION = YES;
				GCC_WARN_ABOUT_RETURN_TYPE = YES_ERROR;
				GCC_WARN_UNDECLARED_SELECTOR = YES;
				GCC_WARN_UNINITIALIZED_AUTOS = YES_AGGRESSIVE;
				GCC_WARN_UNUSED_FUNCTION = YES;
				GCC_WARN_UNUSED_VARIABLE = YES;
				IPHONEOS_DEPLOYMENT_TARGET = 10.3;
				MTL_ENABLE_DEBUG_INFO = YES;
				ONLY_ACTIVE_ARCH = YES;
				SDKROOT = iphoneos;
				SWIFT_ACTIVE_COMPILATION_CONDITIONS = DEBUG;
				SWIFT_OPTIMIZATION_LEVEL = "-Onone";
				TARGETED_DEVICE_FAMILY = "1,2";
			};
			name = Debug;
		};
		D5978C801FC906B50004DB10 /* Release */ = {
			isa = XCBuildConfiguration;
			buildSettings = {
				ALWAYS_SEARCH_USER_PATHS = NO;
				CLANG_ANALYZER_NONNULL = YES;
				CLANG_ANALYZER_NUMBER_OBJECT_CONVERSION = YES_AGGRESSIVE;
				CLANG_CXX_LANGUAGE_STANDARD = "gnu++0x";
				CLANG_CXX_LIBRARY = "libc++";
				CLANG_ENABLE_MODULES = YES;
				CLANG_ENABLE_OBJC_ARC = YES;
				CLANG_WARN_BOOL_CONVERSION = YES;
				CLANG_WARN_CONSTANT_CONVERSION = YES;
				CLANG_WARN_DIRECT_OBJC_ISA_USAGE = YES_ERROR;
				CLANG_WARN_DOCUMENTATION_COMMENTS = YES;
				CLANG_WARN_EMPTY_BODY = YES;
				CLANG_WARN_ENUM_CONVERSION = YES;
				CLANG_WARN_INFINITE_RECURSION = YES;
				CLANG_WARN_INT_CONVERSION = YES;
				CLANG_WARN_OBJC_ROOT_CLASS = YES_ERROR;
				CLANG_WARN_SUSPICIOUS_MOVE = YES;
				CLANG_WARN_UNREACHABLE_CODE = YES;
				CLANG_WARN__DUPLICATE_METHOD_MATCH = YES;
				"CODE_SIGN_IDENTITY[sdk=iphoneos*]" = "iPhone Developer";
				COPY_PHASE_STRIP = NO;
				DEBUG_INFORMATION_FORMAT = "dwarf-with-dsym";
				ENABLE_NS_ASSERTIONS = NO;
				ENABLE_STRICT_OBJC_MSGSEND = YES;
				GCC_C_LANGUAGE_STANDARD = gnu99;
				GCC_NO_COMMON_BLOCKS = YES;
				GCC_WARN_64_TO_32_BIT_CONVERSION = YES;
				GCC_WARN_ABOUT_RETURN_TYPE = YES_ERROR;
				GCC_WARN_UNDECLARED_SELECTOR = YES;
				GCC_WARN_UNINITIALIZED_AUTOS = YES_AGGRESSIVE;
				GCC_WARN_UNUSED_FUNCTION = YES;
				GCC_WARN_UNUSED_VARIABLE = YES;
				IPHONEOS_DEPLOYMENT_TARGET = 10.3;
				MTL_ENABLE_DEBUG_INFO = NO;
				SDKROOT = iphoneos;
				SWIFT_OPTIMIZATION_LEVEL = "-Owholemodule";
				TARGETED_DEVICE_FAMILY = "1,2";
				VALIDATE_PRODUCT = YES;
			};
			name = Release;
		};
		D5978C821FC906B50004DB10 /* Debug */ = {
			isa = XCBuildConfiguration;
			buildSettings = {
				ASSETCATALOG_COMPILER_APPICON_NAME = AppIcon;
				INFOPLIST_FILE = FoodTracker/Info.plist;
				LD_RUNPATH_SEARCH_PATHS = "$(inherited) @executable_path/Frameworks";
				PRODUCT_BUNDLE_IDENTIFIER = com.example.FoodTracker;
				PRODUCT_NAME = "$(TARGET_NAME)";
				SWIFT_VERSION = 3.0;
			};
			name = Debug;
		};
		D5978C831FC906B50004DB10 /* Release */ = {
			isa = XCBuildConfiguration;
			buildSettings = {
				ASSETCATALOG_COMPILER_APPICON_NAME = AppIcon;
				INFOPLIST_FILE = FoodTracker/Info.plist;
				LD_RUNPATH_SEARCH_PATHS = "$(inherited) @executable_path/Frameworks";
				PRODUCT_BUNDLE_IDENTIFIER = com.example.FoodTracker;
				PRODUCT_NAME = "$(TARGET_NAME)";
				SWIFT_VERSION = 3.0;
			};
			name = Release;
		};
		D5978C851FC906B50004DB10 /* Debug */ = {
			isa = XCBuildConfiguration;
			buildSettings = {
				ALWAYS_EMBED_SWIFT_STANDARD_LIBRARIES = YES;
				BUNDLE_LOADER = "$(TEST_HOST)";
				INFOPLIST_FILE = FoodTrackerTests/Info.plist;
				LD_RUNPATH_SEARCH_PATHS = "$(inherited) @executable_path/Frameworks @loader_path/Frameworks";
				PRODUCT_BUNDLE_IDENTIFIER = com.example.FoodTrackerTests;
				PRODUCT_NAME = "$(TARGET_NAME)";
				SWIFT_VERSION = 3.0;
				TEST_HOST = "$(BUILT_PRODUCTS_DIR)/FoodTracker.app/FoodTracker";
			};
			name = Debug;
		};
		D5978C861FC906B50004DB10 /* Release */ = {
			isa = XCBuildConfiguration;
			buildSettings = {
				ALWAYS_EMBED_SWIFT_STANDARD_LIBRARIES = YES;
				BUNDLE_LOADER = "$(TEST_HOST)";
				INFOPLIST_FILE = FoodTrackerTests/Info.plist;
				LD_RUNPATH_SEARCH_PATHS = "$(inherited) @executable_path/Frameworks @loader_path/Frameworks";
				PRODUCT_BUNDLE_IDENTIFIER = com.example.FoodTrackerTests;
				PRODUCT_NAME = "$(TARGET_NAME)";
				SWIFT_VERSION = 3.0;
				TEST_HOST = "$(BUILT_PRODUCTS_DIR)/FoodTracker.app/FoodTracker";
			};
			name = Release;
		};
		D5978C881FC906B50004DB10 /* Debug */ = {
			isa = XCBuildConfiguration;
			buildSettings = {
				ALWAYS_EMBED_SWIFT_STANDARD_LIBRARIES = YES;
				INFOPLIST_FILE = FoodTrackerUITests/Info.plist;
				LD_RUNPATH_SEARCH_PATHS = "$(inherited) @executable_path/Frameworks @loader_path/Frameworks";
				PRODUCT_BUNDLE_IDENTIFIER = com.example.FoodTrackerUITests;
				PRODUCT_NAME = "$(TARGET_NAME)";
				SWIFT_VERSION = 3.0;
				TEST_TARGET_NAME = FoodTracker;
			};
			name = Debug;
		};
		D5978C891FC906B50004DB10 /* Release */ = {
			isa = XCBuildConfiguration;
			buildSettings = {
				ALWAYS_EMBED_SWIFT_STANDARD_LIBRARIES = YES;
				INFOPLIST_FILE = FoodTrackerUITests/Info.plist;
				LD_RUNPATH_SEARCH_PATHS = "$(inherited) @executable_path/Frameworks @loader_path/Frameworks";
				PRODUCT_BUNDLE_IDENTIFIER = com.example.FoodTrackerUITests;
				PRODUCT_NAME = "$(TARGET_NAME)";
				SWIFT_VERSION = 3.0;
				TEST_TARGET_NAME = FoodTracker;
			};
			name = Release;
		};
/* End XCBuildConfiguration section */

/* Begin XCConfigurationList section */
		D5978C541FC906B50004DB10 /* Build configuration list for PBXProject "FoodTracker" */ = {
			isa = XCConfigurationList;
			buildConfigurations = (
				D5978C7F1FC906B50004DB10 /* Debug */,
				D5978C801FC906B50004DB10 /* Release */,
			);
			defaultConfigurationIsVisible = 0;
			defaultConfigurationName = Release;
		};
		D5978C811FC906B50004DB10 /* Build configuration list for PBXNativeTarget "FoodTracker" */ = {
			isa = XCConfigurationList;
			buildConfigurations = (
				D5978C821FC906B50004DB10 /* Debug */,
				D5978C831FC906B50004DB10 /* Release */,
			);
			defaultConfigurationIsVisible = 0;
			defaultConfigurationName = Release;
		};
		D5978C841FC906B50004DB10 /* Build configuration list for PBXNativeTarget "FoodTrackerTests" */ = {
			isa = XCConfigurationList;
			buildConfigurations = (
				D5978C851FC906B50004DB10 /* Debug */,
				D5978C861FC906B50004DB10 /* Release */,
			);
			defaultConfigurationIsVisible = 0;
			defaultConfigurationName = Release;
		};
		D5978C871FC906B50004DB10 /* Build configuration list for PBXNativeTarget "FoodTrackerUITests" */ = {
			isa = XCConfigurationList;
			buildConfigurations = (
				D5978C881FC906B50004DB10 /* Debug */,
				D5978C891FC906B50004DB10 /* Release */,
			);
			defaultConfigurationIsVisible = 0;
			defaultConfigurationName = Release;
		};
/* End XCConfigurationList section */
	};
	rootObject = D5978C511FC906B50004DB10 /* Project object */;
}
